
Microsoft Visual Studio Solution File, Format Version 12.00
# Visual Studio Version 17
VisualStudioVersion = 17.13.35931.197 d17.13
MinimumVisualStudioVersion = 10.0.40219.1
Project("{FAE04EC0-301F-11D3-BF4B-00C04F79EFBC}") = "ZvezdoGpt.Blazor", "ZvezdoGpt.Blazor\ZvezdoGpt.Blazor.csproj", "{942757D6-B7DD-461B-B193-49C8AD6149B2}"
EndProject
Global
	GlobalSection(SolutionConfigurationPlatforms) = preSolution
		Debug|Any CPU = Debug|Any CPU
		Release|Any CPU = Release|Any CPU
	EndGlobalSection
	GlobalSection(ProjectConfigurationPlatforms) = postSolution
		{942757D6-B7DD-461B-B193-49C8AD6149B2}.Debug|Any CPU.ActiveCfg = Debug|Any CPU
		{942757D6-B7DD-461B-B193-49C8AD6149B2}.Debug|Any CPU.Build.0 = Debug|Any CPU
		{942757D6-B7DD-461B-B193-49C8AD6149B2}.Release|Any CPU.ActiveCfg = Release|Any CPU
		{942757D6-B7DD-461B-B193-49C8AD6149B2}.Release|Any CPU.Build.0 = Release|Any CPU
	EndGlobalSection
	GlobalSection(SolutionProperties) = preSolution
		HideSolutionNode = FALSE
	EndGlobalSection
	GlobalSection(ExtensibilityGlobals) = postSolution
		SolutionGuid = {C361AE98-07EF-4875-9FF7-EBB2153B51A6}
	EndGlobalSection
EndGlobal
